
Microsoft Visual Studio Solution File, Format Version 12.00
# Visual Studio Version 17
VisualStudioVersion = 17.3.32929.385
MinimumVisualStudioVersion = 10.0.40219.1
Project("{FAE04EC0-301F-11D3-BF4B-00C04F79EFBC}") = "AchimDaiana_Theater", "AchimDaiana_Theater.csproj", "{EB8BCE00-CB7C-4E94-B103-64F4504452EE}"
EndProject
Global
	GlobalSection(SolutionConfigurationPlatforms) = preSolution
		Debug|Any CPU = Debug|Any CPU
		Release|Any CPU = Release|Any CPU
	EndGlobalSection
	GlobalSection(ProjectConfigurationPlatforms) = postSolution
		{EB8BCE00-CB7C-4E94-B103-64F4504452EE}.Debug|Any CPU.ActiveCfg = Debug|Any CPU
		{EB8BCE00-CB7C-4E94-B103-64F4504452EE}.Debug|Any CPU.Build.0 = Debug|Any CPU
		{EB8BCE00-CB7C-4E94-B103-64F4504452EE}.Release|Any CPU.ActiveCfg = Release|Any CPU
		{EB8BCE00-CB7C-4E94-B103-64F4504452EE}.Release|Any CPU.Build.0 = Release|Any CPU
	EndGlobalSection
	GlobalSection(SolutionProperties) = preSolution
		HideSolutionNode = FALSE
	EndGlobalSection
	GlobalSection(ExtensibilityGlobals) = postSolution
		SolutionGuid = {9C82EC83-A9B1-4C6D-9D55-95BCD913B32B}
	EndGlobalSection
EndGlobal
